
Microsoft Visual Studio Solution File, Format Version 12.00
# Visual Studio Version 17
VisualStudioVersion = 17.12.35728.132
MinimumVisualStudioVersion = 10.0.40219.1
Project("{FAE04EC0-301F-11D3-BF4B-00C04F79EFBC}") = "Buddget.DAL", "Buddget.DAL\Buddget.DAL.csproj", "{2F1B0CB3-DD02-4414-9090-693DC5377F83}"
EndProject
Project("{FAE04EC0-301F-11D3-BF4B-00C04F79EFBC}") = "Buddget.BLL", "Buddget.BLL\Buddget.BLL.csproj", "{D95F4D23-4AEA-4A23-A8B0-67B2DC79C80B}"
	ProjectSection(ProjectDependencies) = postProject
		{2F1B0CB3-DD02-4414-9090-693DC5377F83} = {2F1B0CB3-DD02-4414-9090-693DC5377F83}
	EndProjectSection
EndProject
Project("{2150E333-8FDC-42A3-9474-1A3956D46DE8}") = "Solution Items", "Solution Items", "{8EC462FD-D22E-90A8-E5CE-7E832BA40C5D}"
	ProjectSection(SolutionItems) = preProject
		.env = .env
		stylecop.json = stylecop.json
	EndProjectSection
EndProject
Project("{FAE04EC0-301F-11D3-BF4B-00C04F79EFBC}") = "BuddgetWeb", "BuddgetWeb\BuddgetWeb.csproj", "{C1C79815-91AD-4352-8DC1-214D60F3F1D8}"
	ProjectSection(ProjectDependencies) = postProject
		{D95F4D23-4AEA-4A23-A8B0-67B2DC79C80B} = {D95F4D23-4AEA-4A23-A8B0-67B2DC79C80B}
	EndProjectSection
EndProject
Global
	GlobalSection(SolutionConfigurationPlatforms) = preSolution
		Debug|Any CPU = Debug|Any CPU
		Release|Any CPU = Release|Any CPU
	EndGlobalSection
	GlobalSection(ProjectConfigurationPlatforms) = postSolution
		{2F1B0CB3-DD02-4414-9090-693DC5377F83}.Debug|Any CPU.ActiveCfg = Debug|Any CPU
		{2F1B0CB3-DD02-4414-9090-693DC5377F83}.Debug|Any CPU.Build.0 = Debug|Any CPU
		{2F1B0CB3-DD02-4414-9090-693DC5377F83}.Release|Any CPU.ActiveCfg = Release|Any CPU
		{2F1B0CB3-DD02-4414-9090-693DC5377F83}.Release|Any CPU.Build.0 = Release|Any CPU
		{D95F4D23-4AEA-4A23-A8B0-67B2DC79C80B}.Debug|Any CPU.ActiveCfg = Debug|Any CPU
		{D95F4D23-4AEA-4A23-A8B0-67B2DC79C80B}.Debug|Any CPU.Build.0 = Debug|Any CPU
		{D95F4D23-4AEA-4A23-A8B0-67B2DC79C80B}.Release|Any CPU.ActiveCfg = Release|Any CPU
		{D95F4D23-4AEA-4A23-A8B0-67B2DC79C80B}.Release|Any CPU.Build.0 = Release|Any CPU
		{C1C79815-91AD-4352-8DC1-214D60F3F1D8}.Debug|Any CPU.ActiveCfg = Debug|Any CPU
		{C1C79815-91AD-4352-8DC1-214D60F3F1D8}.Debug|Any CPU.Build.0 = Debug|Any CPU
		{C1C79815-91AD-4352-8DC1-214D60F3F1D8}.Release|Any CPU.ActiveCfg = Release|Any CPU
		{C1C79815-91AD-4352-8DC1-214D60F3F1D8}.Release|Any CPU.Build.0 = Release|Any CPU
	EndGlobalSection
	GlobalSection(SolutionProperties) = preSolution
		HideSolutionNode = FALSE
	EndGlobalSection
	GlobalSection(ExtensibilityGlobals) = postSolution
		SolutionGuid = {62B06192-3D04-4019-839D-807370233081}
	EndGlobalSection
EndGlobal
